
Microsoft Visual Studio Solution File, Format Version 12.00
# Visual Studio Version 16
VisualStudioVersion = 16.0.29613.14
MinimumVisualStudioVersion = 10.0.40219.1
Project("{9A19103F-16F7-4668-BE54-9A1E7A4F7556}") = "Basic", "Basic.csproj", "{F12DE5BA-BEF6-481D-A939-0E04C8CB6799}"
EndProject
Project("{9A19103F-16F7-4668-BE54-9A1E7A4F7556}") = "IdentityExample", "..\IdentityExample\IdentityExample.csproj", "{D6C7815A-7F27-48AB-BBAE-EA7241D260B1}"
EndProject
Project("{2150E333-8FDC-42A3-9474-1A3956D46DE8}") = "Basic", "Basic", "{39D278D6-A3D9-450D-AC02-96B89857D568}"
EndProject
Project("{9A19103F-16F7-4668-BE54-9A1E7A4F7556}") = "Client", "..\Client\Client.csproj", "{17433DB9-418B-45F8-871F-9356472F5DB3}"
EndProject
Project("{2150E333-8FDC-42A3-9474-1A3956D46DE8}") = "oauth", "oauth", "{C82DD04F-0A14-4C7C-860D-E2BD3A25D9EC}"
EndProject
Project("{9A19103F-16F7-4668-BE54-9A1E7A4F7556}") = "Server", "..\Server\Server.csproj", "{9BE968E3-62FC-455E-B8FA-C7B125B448C7}"
EndProject
Project("{9A19103F-16F7-4668-BE54-9A1E7A4F7556}") = "Api", "..\Api\Api.csproj", "{68573324-61C2-4156-964A-AEF4CDF3E7CC}"
EndProject
Project("{2150E333-8FDC-42A3-9474-1A3956D46DE8}") = "IdentityServer4", "IdentityServer4", "{249B63CD-E8ED-448C-8B43-C2D6D186B5B8}"
EndProject
Project("{9A19103F-16F7-4668-BE54-9A1E7A4F7556}") = "IdentityServer", "..\IdentityServer\IdentityServer.csproj", "{8C36FA08-6D7C-4715-A806-2B9EFF8735A0}"
EndProject
Project("{9A19103F-16F7-4668-BE54-9A1E7A4F7556}") = "ApiOne", "..\ApiOne\ApiOne.csproj", "{1D337EBF-DF70-4FE1-802E-F16BC73F00DD}"
EndProject
Project("{9A19103F-16F7-4668-BE54-9A1E7A4F7556}") = "ApiTwo", "..\ApiTwo\ApiTwo.csproj", "{3AA63F7D-E117-4180-9F02-C5D35E2DD34E}"
EndProject
Project("{9A19103F-16F7-4668-BE54-9A1E7A4F7556}") = "MvcClient", "..\MvcClient\MvcClient.csproj", "{F1D5CA9F-C69B-470F-98A5-A766BFDFA789}"
EndProject
Project("{FAE04EC0-301F-11D3-BF4B-00C04F79EFBC}") = "StudentServices", "..\StudentServices\StudentServices.csproj", "{608020D3-3510-4128-B742-234FB649880C}"
EndProject
Project("{FAE04EC0-301F-11D3-BF4B-00C04F79EFBC}") = "StudentDataAccess", "..\StudentDataAccess\StudentDataAccess.csproj", "{AFD6C088-B968-46EB-B0C9-F1CDE7174E9A}"
EndProject
Global
	GlobalSection(SolutionConfigurationPlatforms) = preSolution
		Debug|Any CPU = Debug|Any CPU
		Release|Any CPU = Release|Any CPU
	EndGlobalSection
	GlobalSection(ProjectConfigurationPlatforms) = postSolution
		{F12DE5BA-BEF6-481D-A939-0E04C8CB6799}.Debug|Any CPU.ActiveCfg = Debug|Any CPU
		{F12DE5BA-BEF6-481D-A939-0E04C8CB6799}.Debug|Any CPU.Build.0 = Debug|Any CPU
		{F12DE5BA-BEF6-481D-A939-0E04C8CB6799}.Release|Any CPU.ActiveCfg = Release|Any CPU
		{F12DE5BA-BEF6-481D-A939-0E04C8CB6799}.Release|Any CPU.Build.0 = Release|Any CPU
		{D6C7815A-7F27-48AB-BBAE-EA7241D260B1}.Debug|Any CPU.ActiveCfg = Debug|Any CPU
		{D6C7815A-7F27-48AB-BBAE-EA7241D260B1}.Debug|Any CPU.Build.0 = Debug|Any CPU
		{D6C7815A-7F27-48AB-BBAE-EA7241D260B1}.Release|Any CPU.ActiveCfg = Release|Any CPU
		{D6C7815A-7F27-48AB-BBAE-EA7241D260B1}.Release|Any CPU.Build.0 = Release|Any CPU
		{17433DB9-418B-45F8-871F-9356472F5DB3}.Debug|Any CPU.ActiveCfg = Debug|Any CPU
		{17433DB9-418B-45F8-871F-9356472F5DB3}.Debug|Any CPU.Build.0 = Debug|Any CPU
		{17433DB9-418B-45F8-871F-9356472F5DB3}.Release|Any CPU.ActiveCfg = Release|Any CPU
		{17433DB9-418B-45F8-871F-9356472F5DB3}.Release|Any CPU.Build.0 = Release|Any CPU
		{9BE968E3-62FC-455E-B8FA-C7B125B448C7}.Debug|Any CPU.ActiveCfg = Debug|Any CPU
		{9BE968E3-62FC-455E-B8FA-C7B125B448C7}.Debug|Any CPU.Build.0 = Debug|Any CPU
		{9BE968E3-62FC-455E-B8FA-C7B125B448C7}.Release|Any CPU.ActiveCfg = Release|Any CPU
		{9BE968E3-62FC-455E-B8FA-C7B125B448C7}.Release|Any CPU.Build.0 = Release|Any CPU
		{68573324-61C2-4156-964A-AEF4CDF3E7CC}.Debug|Any CPU.ActiveCfg = Debug|Any CPU
		{68573324-61C2-4156-964A-AEF4CDF3E7CC}.Debug|Any CPU.Build.0 = Debug|Any CPU
		{68573324-61C2-4156-964A-AEF4CDF3E7CC}.Release|Any CPU.ActiveCfg = Release|Any CPU
		{68573324-61C2-4156-964A-AEF4CDF3E7CC}.Release|Any CPU.Build.0 = Release|Any CPU
		{8C36FA08-6D7C-4715-A806-2B9EFF8735A0}.Debug|Any CPU.ActiveCfg = Debug|Any CPU
		{8C36FA08-6D7C-4715-A806-2B9EFF8735A0}.Debug|Any CPU.Build.0 = Debug|Any CPU
		{8C36FA08-6D7C-4715-A806-2B9EFF8735A0}.Release|Any CPU.ActiveCfg = Release|Any CPU
		{8C36FA08-6D7C-4715-A806-2B9EFF8735A0}.Release|Any CPU.Build.0 = Release|Any CPU
		{1D337EBF-DF70-4FE1-802E-F16BC73F00DD}.Debug|Any CPU.ActiveCfg = Debug|Any CPU
		{1D337EBF-DF70-4FE1-802E-F16BC73F00DD}.Debug|Any CPU.Build.0 = Debug|Any CPU
		{1D337EBF-DF70-4FE1-802E-F16BC73F00DD}.Release|Any CPU.ActiveCfg = Release|Any CPU
		{1D337EBF-DF70-4FE1-802E-F16BC73F00DD}.Release|Any CPU.Build.0 = Release|Any CPU
		{3AA63F7D-E117-4180-9F02-C5D35E2DD34E}.Debug|Any CPU.ActiveCfg = Debug|Any CPU
		{3AA63F7D-E117-4180-9F02-C5D35E2DD34E}.Debug|Any CPU.Build.0 = Debug|Any CPU
		{3AA63F7D-E117-4180-9F02-C5D35E2DD34E}.Release|Any CPU.ActiveCfg = Release|Any CPU
		{3AA63F7D-E117-4180-9F02-C5D35E2DD34E}.Release|Any CPU.Build.0 = Release|Any CPU
		{F1D5CA9F-C69B-470F-98A5-A766BFDFA789}.Debug|Any CPU.ActiveCfg = Debug|Any CPU
		{F1D5CA9F-C69B-470F-98A5-A766BFDFA789}.Debug|Any CPU.Build.0 = Debug|Any CPU
		{F1D5CA9F-C69B-470F-98A5-A766BFDFA789}.Release|Any CPU.ActiveCfg = Release|Any CPU
		{F1D5CA9F-C69B-470F-98A5-A766BFDFA789}.Release|Any CPU.Build.0 = Release|Any CPU
		{608020D3-3510-4128-B742-234FB649880C}.Debug|Any CPU.ActiveCfg = Debug|Any CPU
		{608020D3-3510-4128-B742-234FB649880C}.Debug|Any CPU.Build.0 = Debug|Any CPU
		{608020D3-3510-4128-B742-234FB649880C}.Release|Any CPU.ActiveCfg = Release|Any CPU
		{608020D3-3510-4128-B742-234FB649880C}.Release|Any CPU.Build.0 = Release|Any CPU
		{AFD6C088-B968-46EB-B0C9-F1CDE7174E9A}.Debug|Any CPU.ActiveCfg = Debug|Any CPU
		{AFD6C088-B968-46EB-B0C9-F1CDE7174E9A}.Debug|Any CPU.Build.0 = Debug|Any CPU
		{AFD6C088-B968-46EB-B0C9-F1CDE7174E9A}.Release|Any CPU.ActiveCfg = Release|Any CPU
		{AFD6C088-B968-46EB-B0C9-F1CDE7174E9A}.Release|Any CPU.Build.0 = Release|Any CPU
	EndGlobalSection
	GlobalSection(SolutionProperties) = preSolution
		HideSolutionNode = FALSE
	EndGlobalSection
	GlobalSection(NestedProjects) = preSolution
		{F12DE5BA-BEF6-481D-A939-0E04C8CB6799} = {39D278D6-A3D9-450D-AC02-96B89857D568}
		{D6C7815A-7F27-48AB-BBAE-EA7241D260B1} = {39D278D6-A3D9-450D-AC02-96B89857D568}
		{17433DB9-418B-45F8-871F-9356472F5DB3} = {C82DD04F-0A14-4C7C-860D-E2BD3A25D9EC}
		{9BE968E3-62FC-455E-B8FA-C7B125B448C7} = {C82DD04F-0A14-4C7C-860D-E2BD3A25D9EC}
		{68573324-61C2-4156-964A-AEF4CDF3E7CC} = {C82DD04F-0A14-4C7C-860D-E2BD3A25D9EC}
		{8C36FA08-6D7C-4715-A806-2B9EFF8735A0} = {249B63CD-E8ED-448C-8B43-C2D6D186B5B8}
		{1D337EBF-DF70-4FE1-802E-F16BC73F00DD} = {249B63CD-E8ED-448C-8B43-C2D6D186B5B8}
		{3AA63F7D-E117-4180-9F02-C5D35E2DD34E} = {249B63CD-E8ED-448C-8B43-C2D6D186B5B8}
		{F1D5CA9F-C69B-470F-98A5-A766BFDFA789} = {249B63CD-E8ED-448C-8B43-C2D6D186B5B8}
	EndGlobalSection
	GlobalSection(ExtensibilityGlobals) = postSolution
		SolutionGuid = {AA45EC8D-9CCF-452D-A8A7-38A91DD6ECE3}
	EndGlobalSection
EndGlobal
